
Microsoft Visual Studio Solution File, Format Version 12.00
# Visual Studio Version 16
VisualStudioVersion = 25.0.1706.0
MinimumVisualStudioVersion = 10.0.40219.1
Project("{FAE04EC0-301F-11D3-BF4B-00C04F79EFBC}") = "KolekcijePodataka", "KolekcijePodataka\KolekcijePodataka.csproj", "{953802F3-4D16-415C-BDF5-2F05C5422EB3}"
EndProject
Global
	GlobalSection(SolutionConfigurationPlatforms) = preSolution
		Debug|Any CPU = Debug|Any CPU
		Release|Any CPU = Release|Any CPU
	EndGlobalSection
	GlobalSection(ProjectConfigurationPlatforms) = postSolution
		{953802F3-4D16-415C-BDF5-2F05C5422EB3}.Debug|Any CPU.ActiveCfg = Debug|Any CPU
		{953802F3-4D16-415C-BDF5-2F05C5422EB3}.Debug|Any CPU.Build.0 = Debug|Any CPU
		{953802F3-4D16-415C-BDF5-2F05C5422EB3}.Release|Any CPU.ActiveCfg = Release|Any CPU
		{953802F3-4D16-415C-BDF5-2F05C5422EB3}.Release|Any CPU.Build.0 = Release|Any CPU
	EndGlobalSection
	GlobalSection(SolutionProperties) = preSolution
		HideSolutionNode = FALSE
	EndGlobalSection
	GlobalSection(ExtensibilityGlobals) = postSolution
		SolutionGuid = {231E6B1C-8B06-46AB-93B9-A165FD3C0697}
	EndGlobalSection
EndGlobal
